// !$*UTF8*$!
{
	archiveVersion = 1;
	classes = {
	};
	objectVersion = 56;
	objects = {

/* Begin PBXBuildFile section */
		B50D897E2EF0DB96008A9C8E /* AppDelegate.swift in Sources */ = {isa = PBXBuildFile; fileRef = B50D897D2EF0DB96008A9C8E /* AppDelegate.swift */; };
		B50D89802EF0DB96008A9C8E /* SceneDelegate.swift in Sources */ = {isa = PBXBuildFile; fileRef = B50D897F2EF0DB96008A9C8E /* SceneDelegate.swift */; };
		B50D89822EF0DB96008A9C8E /* ViewController.swift in Sources */ = {isa = PBXBuildFile; fileRef = B50D89812EF0DB96008A9C8E /* ViewController.swift */; };
		B50D89852EF0DB96008A9C8E /* Main.storyboard in Resources */ = {isa = PBXBuildFile; fileRef = B50D89832EF0DB96008A9C8E /* Main.storyboard */; };
		B50D89872EF0DB98008A9C8E /* Assets.xcassets in Resources */ = {isa = PBXBuildFile; fileRef = B50D89862EF0DB98008A9C8E /* Assets.xcassets */; };
		B50D898A2EF0DB98008A9C8E /* LaunchScreen.storyboard in Resources */ = {isa = PBXBuildFile; fileRef = B50D89882EF0DB98008A9C8E /* LaunchScreen.storyboard */; };
		B55F79142EF0F52D001EAD3A /* ProductsView.swift in Sources */ = {isa = PBXBuildFile; fileRef = B55F79102EF0F52D001EAD3A /* ProductsView.swift */; };
		B55F79152EF0F52D001EAD3A /* ProductsViewController.swift in Sources */ = {isa = PBXBuildFile; fileRef = B55F79112EF0F52D001EAD3A /* ProductsViewController.swift */; };
		B55F79162EF0F52D001EAD3A /* ProductsCategory.swift in Sources */ = {isa = PBXBuildFile; fileRef = B55F79122EF0F52D001EAD3A /* ProductsCategory.swift */; };
		B55F79172EF0F52D001EAD3A /* ProductItemView.swift in Sources */ = {isa = PBXBuildFile; fileRef = B55F79132EF0F52D001EAD3A /* ProductItemView.swift */; };
		B55F79192EF0FE19001EAD3A /* Product.swift in Sources */ = {isa = PBXBuildFile; fileRef = B55F79182EF0FE19001EAD3A /* Product.swift */; };
		B55F791C2EF0FFA0001EAD3A /* CartViewController.swift in Sources */ = {isa = PBXBuildFile; fileRef = B55F791B2EF0FFA0001EAD3A /* CartViewController.swift */; };
		B5C96BFB2EF33D7B00EB60D0 /* MainTabBarController.swift in Sources */ = {isa = PBXBuildFile; fileRef = B5C96BFA2EF33D7B00EB60D0 /* MainTabBarController.swift */; };
		B5C96BFE2EF33E6500EB60D0 /* ProfileViewController.swift in Sources */ = {isa = PBXBuildFile; fileRef = B5C96BFD2EF33E6500EB60D0 /* ProfileViewController.swift */; };
		B5CA87A12EF3704100B356FE /* LoginSwift.swift in Sources */ = {isa = PBXBuildFile; fileRef = B5CA87A02EF3704100B356FE /* LoginSwift.swift */; };
		B5CA87A42EF3705D00B356FE /* LoginViewController..swift in Sources */ = {isa = PBXBuildFile; fileRef = B5CA87A32EF3705D00B356FE /* LoginViewController..swift */; };
		B5CA87A62EF3708800B356FE /* RegisterSwift.swift in Sources */ = {isa = PBXBuildFile; fileRef = B5CA87A52EF3708800B356FE /* RegisterSwift.swift */; };
		B5CA87A82EF3709E00B356FE /* RegisterViewController.swift in Sources */ = {isa = PBXBuildFile; fileRef = B5CA87A72EF3709E00B356FE /* RegisterViewController.swift */; };
/* End PBXBuildFile section */

/* Begin PBXFileReference section */
		B50D897A2EF0DB96008A9C8E /* ProyectoMoviles2.app */ = {isa = PBXFileReference; explicitFileType = wrapper.application; includeInIndex = 0; path = ProyectoMoviles2.app; sourceTree = BUILT_PRODUCTS_DIR; };
		B50D897D2EF0DB96008A9C8E /* AppDelegate.swift */ = {isa = PBXFileReference; lastKnownFileType = sourcecode.swift; path = AppDelegate.swift; sourceTree = "<group>"; };
		B50D897F2EF0DB96008A9C8E /* SceneDelegate.swift */ = {isa = PBXFileReference; lastKnownFileType = sourcecode.swift; path = SceneDelegate.swift; sourceTree = "<group>"; };
		B50D89812EF0DB96008A9C8E /* ViewController.swift */ = {isa = PBXFileReference; lastKnownFileType = sourcecode.swift; path = ViewController.swift; sourceTree = "<group>"; };
		B50D89842EF0DB96008A9C8E /* Base */ = {isa = PBXFileReference; lastKnownFileType = file.storyboard; name = Base; path = Base.lproj/Main.storyboard; sourceTree = "<group>"; };
		B50D89862EF0DB98008A9C8E /* Assets.xcassets */ = {isa = PBXFileReference; lastKnownFileType = folder.assetcatalog; path = Assets.xcassets; sourceTree = "<group>"; };
		B50D89892EF0DB98008A9C8E /* Base */ = {isa = PBXFileReference; lastKnownFileType = file.storyboard; name = Base; path = Base.lproj/LaunchScreen.storyboard; sourceTree = "<group>"; };
		B50D898B2EF0DB98008A9C8E /* Info.plist */ = {isa = PBXFileReference; lastKnownFileType = text.plist.xml; path = Info.plist; sourceTree = "<group>"; };
		B55F79102EF0F52D001EAD3A /* ProductsView.swift */ = {isa = PBXFileReference; fileEncoding = 4; lastKnownFileType = sourcecode.swift; path = ProductsView.swift; sourceTree = "<group>"; };
		B55F79112EF0F52D001EAD3A /* ProductsViewController.swift */ = {isa = PBXFileReference; fileEncoding = 4; lastKnownFileType = sourcecode.swift; path = ProductsViewController.swift; sourceTree = "<group>"; };
		B55F79122EF0F52D001EAD3A /* ProductsCategory.swift */ = {isa = PBXFileReference; fileEncoding = 4; lastKnownFileType = sourcecode.swift; path = ProductsCategory.swift; sourceTree = "<group>"; };
		B55F79132EF0F52D001EAD3A /* ProductItemView.swift */ = {isa = PBXFileReference; fileEncoding = 4; lastKnownFileType = sourcecode.swift; path = ProductItemView.swift; sourceTree = "<group>"; };
		B55F79182EF0FE19001EAD3A /* Product.swift */ = {isa = PBXFileReference; lastKnownFileType = sourcecode.swift; path = Product.swift; sourceTree = "<group>"; };
		B55F791B2EF0FFA0001EAD3A /* CartViewController.swift */ = {isa = PBXFileReference; lastKnownFileType = sourcecode.swift; path = CartViewController.swift; sourceTree = "<group>"; };
		B5C96BFA2EF33D7B00EB60D0 /* MainTabBarController.swift */ = {isa = PBXFileReference; lastKnownFileType = sourcecode.swift; path = MainTabBarController.swift; sourceTree = "<group>"; };
		B5C96BFD2EF33E6500EB60D0 /* ProfileViewController.swift */ = {isa = PBXFileReference; lastKnownFileType = sourcecode.swift; path = ProfileViewController.swift; sourceTree = "<group>"; };
		B5CA87A02EF3704100B356FE /* LoginSwift.swift */ = {isa = PBXFileReference; lastKnownFileType = sourcecode.swift; path = LoginSwift.swift; sourceTree = "<group>"; };
		B5CA87A32EF3705D00B356FE /* LoginViewController..swift */ = {isa = PBXFileReference; lastKnownFileType = sourcecode.swift; path = LoginViewController..swift; sourceTree = "<group>"; };
		B5CA87A52EF3708800B356FE /* RegisterSwift.swift */ = {isa = PBXFileReference; lastKnownFileType = sourcecode.swift; path = RegisterSwift.swift; sourceTree = "<group>"; };
		B5CA87A72EF3709E00B356FE /* RegisterViewController.swift */ = {isa = PBXFileReference; lastKnownFileType = sourcecode.swift; path = RegisterViewController.swift; sourceTree = "<group>"; };
/* End PBXFileReference section */

/* Begin PBXFrameworksBuildPhase section */
		B50D89772EF0DB96008A9C8E /* Frameworks */ = {
			isa = PBXFrameworksBuildPhase;
			buildActionMask = 2147483647;
			files = (
			);
			runOnlyForDeploymentPostprocessing = 0;
		};
/* End PBXFrameworksBuildPhase section */

/* Begin PBXGroup section */
		B50D89712EF0DB96008A9C8E = {
			isa = PBXGroup;
			children = (
				B5C96BF92EF33D5900EB60D0 /* BarraNavegacion */,
				B50D89912EF0DC69008A9C8E /* Presentation */,
				B50D897C2EF0DB96008A9C8E /* ProyectoMoviles2 */,
				B50D897B2EF0DB96008A9C8E /* Products */,
			);
			sourceTree = "<group>";
		};
		B50D897B2EF0DB96008A9C8E /* Products */ = {
			isa = PBXGroup;
			children = (
				B50D897A2EF0DB96008A9C8E /* ProyectoMoviles2.app */,
			);
			name = Products;
			sourceTree = "<group>";
		};
		B50D897C2EF0DB96008A9C8E /* ProyectoMoviles2 */ = {
			isa = PBXGroup;
			children = (
				B50D897D2EF0DB96008A9C8E /* AppDelegate.swift */,
				B50D897F2EF0DB96008A9C8E /* SceneDelegate.swift */,
				B50D89832EF0DB96008A9C8E /* Main.storyboard */,
				B50D89862EF0DB98008A9C8E /* Assets.xcassets */,
				B50D89882EF0DB98008A9C8E /* LaunchScreen.storyboard */,
				B50D898B2EF0DB98008A9C8E /* Info.plist */,
				B5CA87A22EF3704600B356FE /* New Group */,
			);
			path = ProyectoMoviles2;
			sourceTree = "<group>";
		};
		B50D89912EF0DC69008A9C8E /* Presentation */ = {
			isa = PBXGroup;
			children = (
				B5C96BFF2EF3421A00EB60D0 /* Home */,
				B5C96BFC2EF33E4700EB60D0 /* Profile */,
				B55F791A2EF0FF8F001EAD3A /* Cart */,
				B55F790F2EF0F52D001EAD3A /* Products */,
			);
			path = Presentation;
			sourceTree = "<group>";
		};
		B55F790F2EF0F52D001EAD3A /* Products */ = {
			isa = PBXGroup;
			children = (
				B5CA87A32EF3705D00B356FE /* LoginViewController..swift */,
				B55F79102EF0F52D001EAD3A /* ProductsView.swift */,
				B55F79112EF0F52D001EAD3A /* ProductsViewController.swift */,
				B5CA87A02EF3704100B356FE /* LoginSwift.swift */,
				B5CA87A52EF3708800B356FE /* RegisterSwift.swift */,
				B5CA87A72EF3709E00B356FE /* RegisterViewController.swift */,
				B55F79122EF0F52D001EAD3A /* ProductsCategory.swift */,
				B55F79132EF0F52D001EAD3A /* ProductItemView.swift */,
				B55F79182EF0FE19001EAD3A /* Product.swift */,
			);
			path = Products;
			sourceTree = "<group>";
		};
		B55F791A2EF0FF8F001EAD3A /* Cart */ = {
			isa = PBXGroup;
			children = (
				B55F791B2EF0FFA0001EAD3A /* CartViewController.swift */,
			);
			path = Cart;
			sourceTree = "<group>";
		};
		B5C96BF92EF33D5900EB60D0 /* BarraNavegacion */ = {
			isa = PBXGroup;
			children = (
				B5C96BFA2EF33D7B00EB60D0 /* MainTabBarController.swift */,
			);
			path = BarraNavegacion;
			sourceTree = "<group>";
		};
		B5C96BFC2EF33E4700EB60D0 /* Profile */ = {
			isa = PBXGroup;
			children = (
				B5C96BFD2EF33E6500EB60D0 /* ProfileViewController.swift */,
			);
			path = Profile;
			sourceTree = "<group>";
		};
		B5C96BFF2EF3421A00EB60D0 /* Home */ = {
			isa = PBXGroup;
			children = (
				B50D89812EF0DB96008A9C8E /* ViewController.swift */,
			);
			path = Home;
			sourceTree = "<group>";
		};
		B5CA87A22EF3704600B356FE /* New Group */ = {
			isa = PBXGroup;
			children = (
			);
			path = "New Group";
			sourceTree = "<group>";
		};
/* End PBXGroup section */

/* Begin PBXNativeTarget section */
		B50D89792EF0DB96008A9C8E /* ProyectoMoviles2 */ = {
			isa = PBXNativeTarget;
			buildConfigurationList = B50D898E2EF0DB98008A9C8E /* Build configuration list for PBXNativeTarget "ProyectoMoviles2" */;
			buildPhases = (
				B50D89762EF0DB96008A9C8E /* Sources */,
				B50D89772EF0DB96008A9C8E /* Frameworks */,
				B50D89782EF0DB96008A9C8E /* Resources */,
			);
			buildRules = (
			);
			dependencies = (
			);
			name = ProyectoMoviles2;
			productName = ProyectoMoviles2;
			productReference = B50D897A2EF0DB96008A9C8E /* ProyectoMoviles2.app */;
			productType = "com.apple.product-type.application";
		};
/* End PBXNativeTarget section */

/* Begin PBXProject section */
		B50D89722EF0DB96008A9C8E /* Project object */ = {
			isa = PBXProject;
			attributes = {
				BuildIndependentTargetsInParallel = 1;
				LastSwiftUpdateCheck = 1520;
				LastUpgradeCheck = 1520;
				TargetAttributes = {
					B50D89792EF0DB96008A9C8E = {
						CreatedOnToolsVersion = 15.2;
					};
				};
			};
			buildConfigurationList = B50D89752EF0DB96008A9C8E /* Build configuration list for PBXProject "ProyectoMoviles2" */;
			compatibilityVersion = "Xcode 14.0";
			developmentRegion = en;
			hasScannedForEncodings = 0;
			knownRegions = (
				en,
				Base,
			);
			mainGroup = B50D89712EF0DB96008A9C8E;
			productRefGroup = B50D897B2EF0DB96008A9C8E /* Products */;
			projectDirPath = "";
			projectRoot = "";
			targets = (
				B50D89792EF0DB96008A9C8E /* ProyectoMoviles2 */,
			);
		};
/* End PBXProject section */

/* Begin PBXResourcesBuildPhase section */
		B50D89782EF0DB96008A9C8E /* Resources */ = {
			isa = PBXResourcesBuildPhase;
			buildActionMask = 2147483647;
			files = (
				B50D898A2EF0DB98008A9C8E /* LaunchScreen.storyboard in Resources */,
				B50D89872EF0DB98008A9C8E /* Assets.xcassets in Resources */,
				B50D89852EF0DB96008A9C8E /* Main.storyboard in Resources */,
			);
			runOnlyForDeploymentPostprocessing = 0;
		};
/* End PBXResourcesBuildPhase section */

/* Begin PBXSourcesBuildPhase section */
		B50D89762EF0DB96008A9C8E /* Sources */ = {
			isa = PBXSourcesBuildPhase;
			buildActionMask = 2147483647;
			files = (
				B55F79142EF0F52D001EAD3A /* ProductsView.swift in Sources */,
				B55F79192EF0FE19001EAD3A /* Product.swift in Sources */,
				B5C96BFB2EF33D7B00EB60D0 /* MainTabBarController.swift in Sources */,
				B50D89822EF0DB96008A9C8E /* ViewController.swift in Sources */,
				B50D897E2EF0DB96008A9C8E /* AppDelegate.swift in Sources */,
				B5CA87A12EF3704100B356FE /* LoginSwift.swift in Sources */,
				B5CA87A82EF3709E00B356FE /* RegisterViewController.swift in Sources */,
				B5CA87A62EF3708800B356FE /* RegisterSwift.swift in Sources */,
				B55F79172EF0F52D001EAD3A /* ProductItemView.swift in Sources */,
				B5CA87A42EF3705D00B356FE /* LoginViewController..swift in Sources */,
				B5C96BFE2EF33E6500EB60D0 /* ProfileViewController.swift in Sources */,
				B50D89802EF0DB96008A9C8E /* SceneDelegate.swift in Sources */,
				B55F79152EF0F52D001EAD3A /* ProductsViewController.swift in Sources */,
				B55F791C2EF0FFA0001EAD3A /* CartViewController.swift in Sources */,
				B55F79162EF0F52D001EAD3A /* ProductsCategory.swift in Sources */,
			);
			runOnlyForDeploymentPostprocessing = 0;
		};
/* End PBXSourcesBuildPhase section */

/* Begin PBXVariantGroup section */
		B50D89832EF0DB96008A9C8E /* Main.storyboard */ = {
			isa = PBXVariantGroup;
			children = (
				B50D89842EF0DB96008A9C8E /* Base */,
			);
			name = Main.storyboard;
			sourceTree = "<group>";
		};
		B50D89882EF0DB98008A9C8E /* LaunchScreen.storyboard */ = {
			isa = PBXVariantGroup;
			children = (
				B50D89892EF0DB98008A9C8E /* Base */,
			);
			name = LaunchScreen.storyboard;
			sourceTree = "<group>";
		};
/* End PBXVariantGroup section */

/* Begin XCBuildConfiguration section */
		B50D898C2EF0DB98008A9C8E /* Debug */ = {
			isa = XCBuildConfiguration;
			buildSettings = {
				ALWAYS_SEARCH_USER_PATHS = NO;
				ASSETCATALOG_COMPILER_GENERATE_SWIFT_ASSET_SYMBOL_EXTENSIONS = YES;
				CLANG_ANALYZER_NONNULL = YES;
				CLANG_ANALYZER_NUMBER_OBJECT_CONVERSION = YES_AGGRESSIVE;
				CLANG_CXX_LANGUAGE_STANDARD = "gnu++20";
				CLANG_ENABLE_MODULES = YES;
				CLANG_ENABLE_OBJC_ARC = YES;
				CLANG_ENABLE_OBJC_WEAK = YES;
				CLANG_WARN_BLOCK_CAPTURE_AUTORELEASING = YES;
				CLANG_WARN_BOOL_CONVERSION = YES;
				CLANG_WARN_COMMA = YES;
				CLANG_WARN_CONSTANT_CONVERSION = YES;
				CLANG_WARN_DEPRECATED_OBJC_IMPLEMENTATIONS = YES;
				CLANG_WARN_DIRECT_OBJC_ISA_USAGE = YES_ERROR;
				CLANG_WARN_DOCUMENTATION_COMMENTS = YES;
				CLANG_WARN_EMPTY_BODY = YES;
				CLANG_WARN_ENUM_CONVERSION = YES;
				CLANG_WARN_INFINITE_RECURSION = YES;
				CLANG_WARN_INT_CONVERSION = YES;
				CLANG_WARN_NON_LITERAL_NULL_CONVERSION = YES;
				CLANG_WARN_OBJC_IMPLICIT_RETAIN_SELF = YES;
				CLANG_WARN_OBJC_LITERAL_CONVERSION = YES;
				CLANG_WARN_OBJC_ROOT_CLASS = YES_ERROR;
				CLANG_WARN_QUOTED_INCLUDE_IN_FRAMEWORK_HEADER = YES;
				CLANG_WARN_RANGE_LOOP_ANALYSIS = YES;
				CLANG_WARN_STRICT_PROTOTYPES = YES;
				CLANG_WARN_SUSPICIOUS_MOVE = YES;
				CLANG_WARN_UNGUARDED_AVAILABILITY = YES_AGGRESSIVE;
				CLANG_WARN_UNREACHABLE_CODE = YES;
				CLANG_WARN__DUPLICATE_METHOD_MATCH = YES;
				COPY_PHASE_STRIP = NO;
				DEBUG_INFORMATION_FORMAT = dwarf;
				ENABLE_STRICT_OBJC_MSGSEND = YES;
				ENABLE_TESTABILITY = YES;
				ENABLE_USER_SCRIPT_SANDBOXING = YES;
				GCC_C_LANGUAGE_STANDARD = gnu17;
				GCC_DYNAMIC_NO_PIC = NO;
				GCC_NO_COMMON_BLOCKS = YES;
				GCC_OPTIMIZATION_LEVEL = 0;
				GCC_PREPROCESSOR_DEFINITIONS = (
					"DEBUG=1",
					"$(inherited)",
				);
				GCC_WARN_64_TO_32_BIT_CONVERSION = YES;
				GCC_WARN_ABOUT_RETURN_TYPE = YES_ERROR;
				GCC_WARN_UNDECLARED_SELECTOR = YES;
				GCC_WARN_UNINITIALIZED_AUTOS = YES_AGGRESSIVE;
				GCC_WARN_UNUSED_FUNCTION = YES;
				GCC_WARN_UNUSED_VARIABLE = YES;
				IPHONEOS_DEPLOYMENT_TARGET = 17.2;
				LOCALIZATION_PREFERS_STRING_CATALOGS = YES;
				MTL_ENABLE_DEBUG_INFO = INCLUDE_SOURCE;
				MTL_FAST_MATH = YES;
				ONLY_ACTIVE_ARCH = YES;
				SDKROOT = iphoneos;
				SWIFT_ACTIVE_COMPILATION_CONDITIONS = "DEBUG $(inherited)";
				SWIFT_OPTIMIZATION_LEVEL = "-Onone";
			};
			name = Debug;
		};
		B50D898D2EF0DB98008A9C8E /* Release */ = {
			isa = XCBuildConfiguration;
			buildSettings = {
				ALWAYS_SEARCH_USER_PATHS = NO;
				ASSETCATALOG_COMPILER_GENERATE_SWIFT_ASSET_SYMBOL_EXTENSIONS = YES;
				CLANG_ANALYZER_NONNULL = YES;
				CLANG_ANALYZER_NUMBER_OBJECT_CONVERSION = YES_AGGRESSIVE;
				CLANG_CXX_LANGUAGE_STANDARD = "gnu++20";
				CLANG_ENABLE_MODULES = YES;
				CLANG_ENABLE_OBJC_ARC = YES;
				CLANG_ENABLE_OBJC_WEAK = YES;
				CLANG_WARN_BLOCK_CAPTURE_AUTORELEASING = YES;
				CLANG_WARN_BOOL_CONVERSION = YES;
				CLANG_WARN_COMMA = YES;
				CLANG_WARN_CONSTANT_CONVERSION = YES;
				CLANG_WARN_DEPRECATED_OBJC_IMPLEMENTATIONS = YES;
				CLANG_WARN_DIRECT_OBJC_ISA_USAGE = YES_ERROR;
				CLANG_WARN_DOCUMENTATION_COMMENTS = YES;
				CLANG_WARN_EMPTY_BODY = YES;
				CLANG_WARN_ENUM_CONVERSION = YES;
				CLANG_WARN_INFINITE_RECURSION = YES;
				CLANG_WARN_INT_CONVERSION = YES;
				CLANG_WARN_NON_LITERAL_NULL_CONVERSION = YES;
				CLANG_WARN_OBJC_IMPLICIT_RETAIN_SELF = YES;
				CLANG_WARN_OBJC_LITERAL_CONVERSION = YES;
				CLANG_WARN_OBJC_ROOT_CLASS = YES_ERROR;
				CLANG_WARN_QUOTED_INCLUDE_IN_FRAMEWORK_HEADER = YES;
				CLANG_WARN_RANGE_LOOP_ANALYSIS = YES;
				CLANG_WARN_STRICT_PROTOTYPES = YES;
				CLANG_WARN_SUSPICIOUS_MOVE = YES;
				CLANG_WARN_UNGUARDED_AVAILABILITY = YES_AGGRESSIVE;
				CLANG_WARN_UNREACHABLE_CODE = YES;
				CLANG_WARN__DUPLICATE_METHOD_MATCH = YES;
				COPY_PHASE_STRIP = NO;
				DEBUG_INFORMATION_FORMAT = "dwarf-with-dsym";
				ENABLE_NS_ASSERTIONS = NO;
				ENABLE_STRICT_OBJC_MSGSEND = YES;
				ENABLE_USER_SCRIPT_SANDBOXING = YES;
				GCC_C_LANGUAGE_STANDARD = gnu17;
				GCC_NO_COMMON_BLOCKS = YES;
				GCC_WARN_64_TO_32_BIT_CONVERSION = YES;
				GCC_WARN_ABOUT_RETURN_TYPE = YES_ERROR;
				GCC_WARN_UNDECLARED_SELECTOR = YES;
				GCC_WARN_UNINITIALIZED_AUTOS = YES_AGGRESSIVE;
				GCC_WARN_UNUSED_FUNCTION = YES;
				GCC_WARN_UNUSED_VARIABLE = YES;
				IPHONEOS_DEPLOYMENT_TARGET = 17.2;
				LOCALIZATION_PREFERS_STRING_CATALOGS = YES;
				MTL_ENABLE_DEBUG_INFO = NO;
				MTL_FAST_MATH = YES;
				SDKROOT = iphoneos;
				SWIFT_COMPILATION_MODE = wholemodule;
				VALIDATE_PRODUCT = YES;
			};
			name = Release;
		};
		B50D898F2EF0DB98008A9C8E /* Debug */ = {
			isa = XCBuildConfiguration;
			buildSettings = {
				ASSETCATALOG_COMPILER_APPICON_NAME = AppIcon;
				ASSETCATALOG_COMPILER_GLOBAL_ACCENT_COLOR_NAME = AccentColor;
				CODE_SIGN_STYLE = Automatic;
				CURRENT_PROJECT_VERSION = 1;
				GENERATE_INFOPLIST_FILE = YES;
				INFOPLIST_FILE = ProyectoMoviles2/Info.plist;
				INFOPLIST_KEY_UIApplicationSupportsIndirectInputEvents = YES;
				INFOPLIST_KEY_UILaunchStoryboardName = LaunchScreen;
				INFOPLIST_KEY_UIMainStoryboardFile = Main;
				INFOPLIST_KEY_UISupportedInterfaceOrientations_iPad = "UIInterfaceOrientationPortrait UIInterfaceOrientationPortraitUpsideDown UIInterfaceOrientationLandscapeLeft UIInterfaceOrientationLandscapeRight";
				INFOPLIST_KEY_UISupportedInterfaceOrientations_iPhone = "UIInterfaceOrientationPortrait UIInterfaceOrientationLandscapeLeft UIInterfaceOrientationLandscapeRight";
				LD_RUNPATH_SEARCH_PATHS = (
					"$(inherited)",
					"@executable_path/Frameworks",
				);
				MARKETING_VERSION = 1.0;
				PRODUCT_BUNDLE_IDENTIFIER = com.cibertec.ProyectoMoviles2;
				PRODUCT_NAME = "$(TARGET_NAME)";
				SWIFT_EMIT_LOC_STRINGS = YES;
				SWIFT_VERSION = 5.0;
				TARGETED_DEVICE_FAMILY = "1,2";
			};
			name = Debug;
		};
		B50D89902EF0DB98008A9C8E /* Release */ = {
			isa = XCBuildConfiguration;
			buildSettings = {
				ASSETCATALOG_COMPILER_APPICON_NAME = AppIcon;
				ASSETCATALOG_COMPILER_GLOBAL_ACCENT_COLOR_NAME = AccentColor;
				CODE_SIGN_STYLE = Automatic;
				CURRENT_PROJECT_VERSION = 1;
				GENERATE_INFOPLIST_FILE = YES;
				INFOPLIST_FILE = ProyectoMoviles2/Info.plist;
				INFOPLIST_KEY_UIApplicationSupportsIndirectInputEvents = YES;
				INFOPLIST_KEY_UILaunchStoryboardName = LaunchScreen;
				INFOPLIST_KEY_UIMainStoryboardFile = Main;
				INFOPLIST_KEY_UISupportedInterfaceOrientations_iPad = "UIInterfaceOrientationPortrait UIInterfaceOrientationPortraitUpsideDown UIInterfaceOrientationLandscapeLeft UIInterfaceOrientationLandscapeRight";
				INFOPLIST_KEY_UISupportedInterfaceOrientations_iPhone = "UIInterfaceOrientationPortrait UIInterfaceOrientationLandscapeLeft UIInterfaceOrientationLandscapeRight";
				LD_RUNPATH_SEARCH_PATHS = (
					"$(inherited)",
					"@executable_path/Frameworks",
				);
				MARKETING_VERSION = 1.0;
				PRODUCT_BUNDLE_IDENTIFIER = com.cibertec.ProyectoMoviles2;
				PRODUCT_NAME = "$(TARGET_NAME)";
				SWIFT_EMIT_LOC_STRINGS = YES;
				SWIFT_VERSION = 5.0;
				TARGETED_DEVICE_FAMILY = "1,2";
			};
			name = Release;
		};
/* End XCBuildConfiguration section */

/* Begin XCConfigurationList section */
		B50D89752EF0DB96008A9C8E /* Build configuration list for PBXProject "ProyectoMoviles2" */ = {
			isa = XCConfigurationList;
			buildConfigurations = (
				B50D898C2EF0DB98008A9C8E /* Debug */,
				B50D898D2EF0DB98008A9C8E /* Release */,
			);
			defaultConfigurationIsVisible = 0;
			defaultConfigurationName = Release;
		};
		B50D898E2EF0DB98008A9C8E /* Build configuration list for PBXNativeTarget "ProyectoMoviles2" */ = {
			isa = XCConfigurationList;
			buildConfigurations = (
				B50D898F2EF0DB98008A9C8E /* Debug */,
				B50D89902EF0DB98008A9C8E /* Release */,
			);
			defaultConfigurationIsVisible = 0;
			defaultConfigurationName = Release;
		};
/* End XCConfigurationList section */
	};
	rootObject = B50D89722EF0DB96008A9C8E /* Project object */;
}
